
Microsoft Visual Studio Solution File, Format Version 12.00
# Visual Studio Version 17
VisualStudioVersion = 17.1.32210.238
MinimumVisualStudioVersion = 10.0.40219.1
Project("{FAE04EC0-301F-11D3-BF4B-00C04F79EFBC}") = "TestLibrary", "TestLibrary\TestLibrary.csproj", "{0A86900D-E991-406A-A868-4D2261DA509E}"
EndProject
Project("{FAE04EC0-301F-11D3-BF4B-00C04F79EFBC}") = "Tests", "Tests\Tests.csproj", "{EC9FDA52-C4CE-4A5A-81C5-0DA58F8E8443}"
EndProject
Global
	GlobalSection(SolutionConfigurationPlatforms) = preSolution
		Debug|Any CPU = Debug|Any CPU
		Release|Any CPU = Release|Any CPU
	EndGlobalSection
	GlobalSection(ProjectConfigurationPlatforms) = postSolution
		{0A86900D-E991-406A-A868-4D2261DA509E}.Debug|Any CPU.ActiveCfg = Debug|Any CPU
		{0A86900D-E991-406A-A868-4D2261DA509E}.Debug|Any CPU.Build.0 = Debug|Any CPU
		{0A86900D-E991-406A-A868-4D2261DA509E}.Release|Any CPU.ActiveCfg = Release|Any CPU
		{0A86900D-E991-406A-A868-4D2261DA509E}.Release|Any CPU.Build.0 = Release|Any CPU
		{EC9FDA52-C4CE-4A5A-81C5-0DA58F8E8443}.Debug|Any CPU.ActiveCfg = Debug|Any CPU
		{EC9FDA52-C4CE-4A5A-81C5-0DA58F8E8443}.Debug|Any CPU.Build.0 = Debug|Any CPU
		{EC9FDA52-C4CE-4A5A-81C5-0DA58F8E8443}.Release|Any CPU.ActiveCfg = Release|Any CPU
		{EC9FDA52-C4CE-4A5A-81C5-0DA58F8E8443}.Release|Any CPU.Build.0 = Release|Any CPU
	EndGlobalSection
	GlobalSection(SolutionProperties) = preSolution
		HideSolutionNode = FALSE
	EndGlobalSection
	GlobalSection(ExtensibilityGlobals) = postSolution
		SolutionGuid = {F026F281-224D-4190-AF1D-106350672A52}
	EndGlobalSection
EndGlobal
